
Microsoft Visual Studio Solution File, Format Version 12.00
# Visual Studio Version 17
VisualStudioVersion = 17.11.35303.130
MinimumVisualStudioVersion = 10.0.40219.1
Project("{FAE04EC0-301F-11D3-BF4B-00C04F79EFBC}") = "21520613_KiemTraThucHanhDotNet", "21520613_KiemTraThucHanhDotNet\21520613_KiemTraThucHanhDotNet.csproj", "{9E5BF44D-0F50-4590-97C9-4E50E3A01443}"
EndProject
Global
	GlobalSection(SolutionConfigurationPlatforms) = preSolution
		Debug|Any CPU = Debug|Any CPU
		Release|Any CPU = Release|Any CPU
	EndGlobalSection
	GlobalSection(ProjectConfigurationPlatforms) = postSolution
		{9E5BF44D-0F50-4590-97C9-4E50E3A01443}.Debug|Any CPU.ActiveCfg = Debug|Any CPU
		{9E5BF44D-0F50-4590-97C9-4E50E3A01443}.Debug|Any CPU.Build.0 = Debug|Any CPU
		{9E5BF44D-0F50-4590-97C9-4E50E3A01443}.Release|Any CPU.ActiveCfg = Release|Any CPU
		{9E5BF44D-0F50-4590-97C9-4E50E3A01443}.Release|Any CPU.Build.0 = Release|Any CPU
	EndGlobalSection
	GlobalSection(SolutionProperties) = preSolution
		HideSolutionNode = FALSE
	EndGlobalSection
	GlobalSection(ExtensibilityGlobals) = postSolution
		SolutionGuid = {12582901-8849-4F23-A5AF-17274756B831}
	EndGlobalSection
EndGlobal
